
Microsoft Visual Studio Solution File, Format Version 12.00
# Visual Studio Version 17
VisualStudioVersion = 17.1.32328.378
MinimumVisualStudioVersion = 10.0.40219.1
Project("{9A19103F-16F7-4668-BE54-9A1E7A4F7556}") = "FinalProjectIDS309", "FinalProjectIDS309.csproj", "{BD761FC4-8C65-4C7F-8958-7BF24354AA2B}"
EndProject
Global
	GlobalSection(SolutionConfigurationPlatforms) = preSolution
		Debug|Any CPU = Debug|Any CPU
		Release|Any CPU = Release|Any CPU
	EndGlobalSection
	GlobalSection(ProjectConfigurationPlatforms) = postSolution
		{BD761FC4-8C65-4C7F-8958-7BF24354AA2B}.Debug|Any CPU.ActiveCfg = Debug|Any CPU
		{BD761FC4-8C65-4C7F-8958-7BF24354AA2B}.Debug|Any CPU.Build.0 = Debug|Any CPU
		{BD761FC4-8C65-4C7F-8958-7BF24354AA2B}.Release|Any CPU.ActiveCfg = Release|Any CPU
		{BD761FC4-8C65-4C7F-8958-7BF24354AA2B}.Release|Any CPU.Build.0 = Release|Any CPU
	EndGlobalSection
	GlobalSection(SolutionProperties) = preSolution
		HideSolutionNode = FALSE
	EndGlobalSection
	GlobalSection(ExtensibilityGlobals) = postSolution
		SolutionGuid = {95CF7D00-C289-42C0-B180-9777E30F93A3}
	EndGlobalSection
EndGlobal
